# THIS IS AN AUTOGENERATED FILE. DO NOT EDIT THIS FILE DIRECTLY.
# yarn lockfile v1


prettier-plugin-tailwindcss@^0.5.7:
  version "0.5.7"
  resolved "https://registry.npmmirror.com/prettier-plugin-tailwindcss/-/prettier-plugin-tailwindcss-0.5.7.tgz#d05dc42c6f2167e3bf2c20e9f71a1fff4232b5d9"
  integrity sha512-4v6uESAgwCni6YF6DwJlRaDjg9Z+al5zM4JfngcazMy4WEf/XkPS5TEQjbD+DZ5iNuG6RrKQLa/HuX2SYzC3kQ==
